{
  "name": "picstash",
  "version": "1.0.0",
  "lockfileVersion": 3,
  "requires": true,
  "packages": {
    "": {
      "name": "picstash",
      "version": "1.0.0",
      "license": "Apache-2.0 OR MPL-2.0",
      "workspaces": [
        "packages/*"
      ]
    },
    "node_modules/@picstash/client": {
      "resolved": "packages/client",
      "link": true
    },
    "node_modules/@picstash/server": {
      "resolved": "packages/server",
      "link": true
    },
    "node_modules/@picstash/shared": {
      "resolved": "packages/shared",
      "link": true
    },
    "packages/client": {
      "name": "@picstash/client",
      "version": "1.0.0",
      "license": "Apache-2.0 OR MPL-2.0",
      "dependencies": {
        "@picstash/shared": "*"
      }
    },
    "packages/server": {
      "name": "@picstash/server",
      "version": "1.0.0",
      "license": "Apache-2.0 OR MPL-2.0",
      "dependencies": {
        "@picstash/shared": "*"
      }
    },
    "packages/shared": {
      "name": "@picstash/shared",
      "version": "1.0.0",
      "license": "Apache-2.0 OR MPL-2.0"
    }
  }
}
